
Microsoft Visual Studio Solution File, Format Version 12.00
# Visual Studio Version 17
VisualStudioVersion = 17.8.34330.188
MinimumVisualStudioVersion = 10.0.40219.1
Project("{FAE04EC0-301F-11D3-BF4B-00C04F79EFBC}") = "WebApplicationCRUD", "WebApplicationCRUD\WebApplicationCRUD.csproj", "{D2E0C700-D0FD-468B-86D6-7BC9805A8E12}"
EndProject
Global
	GlobalSection(SolutionConfigurationPlatforms) = preSolution
		Debug|Any CPU = Debug|Any CPU
		Release|Any CPU = Release|Any CPU
	EndGlobalSection
	GlobalSection(ProjectConfigurationPlatforms) = postSolution
		{D2E0C700-D0FD-468B-86D6-7BC9805A8E12}.Debug|Any CPU.ActiveCfg = Debug|Any CPU
		{D2E0C700-D0FD-468B-86D6-7BC9805A8E12}.Debug|Any CPU.Build.0 = Debug|Any CPU
		{D2E0C700-D0FD-468B-86D6-7BC9805A8E12}.Release|Any CPU.ActiveCfg = Release|Any CPU
		{D2E0C700-D0FD-468B-86D6-7BC9805A8E12}.Release|Any CPU.Build.0 = Release|Any CPU
	EndGlobalSection
	GlobalSection(SolutionProperties) = preSolution
		HideSolutionNode = FALSE
	EndGlobalSection
	GlobalSection(ExtensibilityGlobals) = postSolution
		SolutionGuid = {74375FFD-E686-4333-9814-26236C911A13}
	EndGlobalSection
EndGlobal
